// !$*UTF8*$!
{
	archiveVersion = 1;
	classes = {
	};
	objectVersion = 56;
	objects = {

/* Begin PBXBuildFile section */
		EAA74DC32C07B45100B6A8B7 /* ColorExtention.swift in Sources */ = {isa = PBXBuildFile; fileRef = EAA74DC22C07B45100B6A8B7 /* ColorExtention.swift */; };
		EAA74DC52C07B4C100B6A8B7 /* MainCoordinator.swift in Sources */ = {isa = PBXBuildFile; fileRef = EAA74DC42C07B4C100B6A8B7 /* MainCoordinator.swift */; };
		EAA74DC72C07B5CB00B6A8B7 /* AviaView.swift in Sources */ = {isa = PBXBuildFile; fileRef = EAA74DC62C07B5CB00B6A8B7 /* AviaView.swift */; };
		EAA74DC92C07B5EA00B6A8B7 /* HotelsView.swift in Sources */ = {isa = PBXBuildFile; fileRef = EAA74DC82C07B5EA00B6A8B7 /* HotelsView.swift */; };
		EAA74DCD2C07B63900B6A8B7 /* ShortlyView.swift in Sources */ = {isa = PBXBuildFile; fileRef = EAA74DCC2C07B63900B6A8B7 /* ShortlyView.swift */; };
		EAA74DCF2C07B64400B6A8B7 /* SubscriptionsView.swift in Sources */ = {isa = PBXBuildFile; fileRef = EAA74DCE2C07B64400B6A8B7 /* SubscriptionsView.swift */; };
		EAA74DD12C07B66100B6A8B7 /* ProfileView.swift in Sources */ = {isa = PBXBuildFile; fileRef = EAA74DD02C07B66100B6A8B7 /* ProfileView.swift */; };
		EAA74DD32C0CBAFE00B6A8B7 /* SearchingCardView.swift in Sources */ = {isa = PBXBuildFile; fileRef = EAA74DD22C0CBAFE00B6A8B7 /* SearchingCardView.swift */; };
		EAA74DD52C0CFE4900B6A8B7 /* OffersJSON.swift in Sources */ = {isa = PBXBuildFile; fileRef = EAA74DD42C0CFE4900B6A8B7 /* OffersJSON.swift */; };
		EAA74DD72C0CFF2900B6A8B7 /* OffersTicketsJSON.swift in Sources */ = {isa = PBXBuildFile; fileRef = EAA74DD62C0CFF2900B6A8B7 /* OffersTicketsJSON.swift */; };
		EAA74DD92C0D000800B6A8B7 /* TicketsJSON.swift in Sources */ = {isa = PBXBuildFile; fileRef = EAA74DD82C0D000800B6A8B7 /* TicketsJSON.swift */; };
		EAA74DDC2C0D011E00B6A8B7 /* NetworkManager.swift in Sources */ = {isa = PBXBuildFile; fileRef = EAA74DDB2C0D011E00B6A8B7 /* NetworkManager.swift */; };
		EAA74DDE2C0D082600B6A8B7 /* TicketsModel.swift in Sources */ = {isa = PBXBuildFile; fileRef = EAA74DDD2C0D082600B6A8B7 /* TicketsModel.swift */; };
		EAA74DE02C0D083C00B6A8B7 /* OffersModel.swift in Sources */ = {isa = PBXBuildFile; fileRef = EAA74DDF2C0D083C00B6A8B7 /* OffersModel.swift */; };
		EAA74DE22C0D086100B6A8B7 /* OffersTicketsModel.swift in Sources */ = {isa = PBXBuildFile; fileRef = EAA74DE12C0D086100B6A8B7 /* OffersTicketsModel.swift */; };
		EAF4977A2C07AFED00F535DC /* AviaTicketsApp.swift in Sources */ = {isa = PBXBuildFile; fileRef = EAF497792C07AFED00F535DC /* AviaTicketsApp.swift */; };
		EAF4977C2C07AFED00F535DC /* MainView.swift in Sources */ = {isa = PBXBuildFile; fileRef = EAF4977B2C07AFED00F535DC /* MainView.swift */; };
		EAF4977E2C07B00200F535DC /* Assets.xcassets in Resources */ = {isa = PBXBuildFile; fileRef = EAF4977D2C07B00200F535DC /* Assets.xcassets */; };
		EAF497812C07B00200F535DC /* Preview Assets.xcassets in Resources */ = {isa = PBXBuildFile; fileRef = EAF497802C07B00200F535DC /* Preview Assets.xcassets */; };
/* End PBXBuildFile section */

/* Begin PBXFileReference section */
		EAA74DC22C07B45100B6A8B7 /* ColorExtention.swift */ = {isa = PBXFileReference; lastKnownFileType = sourcecode.swift; path = ColorExtention.swift; sourceTree = "<group>"; };
		EAA74DC42C07B4C100B6A8B7 /* MainCoordinator.swift */ = {isa = PBXFileReference; lastKnownFileType = sourcecode.swift; path = MainCoordinator.swift; sourceTree = "<group>"; };
		EAA74DC62C07B5CB00B6A8B7 /* AviaView.swift */ = {isa = PBXFileReference; lastKnownFileType = sourcecode.swift; path = AviaView.swift; sourceTree = "<group>"; };
		EAA74DC82C07B5EA00B6A8B7 /* HotelsView.swift */ = {isa = PBXFileReference; lastKnownFileType = sourcecode.swift; path = HotelsView.swift; sourceTree = "<group>"; };
		EAA74DCC2C07B63900B6A8B7 /* ShortlyView.swift */ = {isa = PBXFileReference; lastKnownFileType = sourcecode.swift; path = ShortlyView.swift; sourceTree = "<group>"; };
		EAA74DCE2C07B64400B6A8B7 /* SubscriptionsView.swift */ = {isa = PBXFileReference; lastKnownFileType = sourcecode.swift; path = SubscriptionsView.swift; sourceTree = "<group>"; };
		EAA74DD02C07B66100B6A8B7 /* ProfileView.swift */ = {isa = PBXFileReference; lastKnownFileType = sourcecode.swift; path = ProfileView.swift; sourceTree = "<group>"; };
		EAA74DD22C0CBAFE00B6A8B7 /* SearchingCardView.swift */ = {isa = PBXFileReference; lastKnownFileType = sourcecode.swift; path = SearchingCardView.swift; sourceTree = "<group>"; };
		EAA74DD42C0CFE4900B6A8B7 /* OffersJSON.swift */ = {isa = PBXFileReference; lastKnownFileType = sourcecode.swift; path = OffersJSON.swift; sourceTree = "<group>"; };
		EAA74DD62C0CFF2900B6A8B7 /* OffersTicketsJSON.swift */ = {isa = PBXFileReference; lastKnownFileType = sourcecode.swift; path = OffersTicketsJSON.swift; sourceTree = "<group>"; };
		EAA74DD82C0D000800B6A8B7 /* TicketsJSON.swift */ = {isa = PBXFileReference; lastKnownFileType = sourcecode.swift; path = TicketsJSON.swift; sourceTree = "<group>"; };
		EAA74DDB2C0D011E00B6A8B7 /* NetworkManager.swift */ = {isa = PBXFileReference; lastKnownFileType = sourcecode.swift; path = NetworkManager.swift; sourceTree = "<group>"; };
		EAA74DDD2C0D082600B6A8B7 /* TicketsModel.swift */ = {isa = PBXFileReference; lastKnownFileType = sourcecode.swift; path = TicketsModel.swift; sourceTree = "<group>"; };
		EAA74DDF2C0D083C00B6A8B7 /* OffersModel.swift */ = {isa = PBXFileReference; lastKnownFileType = sourcecode.swift; path = OffersModel.swift; sourceTree = "<group>"; };
		EAA74DE12C0D086100B6A8B7 /* OffersTicketsModel.swift */ = {isa = PBXFileReference; lastKnownFileType = sourcecode.swift; path = OffersTicketsModel.swift; sourceTree = "<group>"; };
		EAF497762C07AFED00F535DC /* AviaTickets.app */ = {isa = PBXFileReference; explicitFileType = wrapper.application; includeInIndex = 0; path = AviaTickets.app; sourceTree = BUILT_PRODUCTS_DIR; };
		EAF497792C07AFED00F535DC /* AviaTicketsApp.swift */ = {isa = PBXFileReference; lastKnownFileType = sourcecode.swift; path = AviaTicketsApp.swift; sourceTree = "<group>"; };
		EAF4977B2C07AFED00F535DC /* MainView.swift */ = {isa = PBXFileReference; lastKnownFileType = sourcecode.swift; path = MainView.swift; sourceTree = "<group>"; };
		EAF4977D2C07B00200F535DC /* Assets.xcassets */ = {isa = PBXFileReference; lastKnownFileType = folder.assetcatalog; path = Assets.xcassets; sourceTree = "<group>"; };
		EAF497802C07B00200F535DC /* Preview Assets.xcassets */ = {isa = PBXFileReference; lastKnownFileType = folder.assetcatalog; path = "Preview Assets.xcassets"; sourceTree = "<group>"; };
/* End PBXFileReference section */

/* Begin PBXFrameworksBuildPhase section */
		EAF497732C07AFED00F535DC /* Frameworks */ = {
			isa = PBXFrameworksBuildPhase;
			buildActionMask = 2147483647;
			files = (
			);
			runOnlyForDeploymentPostprocessing = 0;
		};
/* End PBXFrameworksBuildPhase section */

/* Begin PBXGroup section */
		EAA74DBF2C07B13900B6A8B7 /* View */ = {
			isa = PBXGroup;
			children = (
				EAF4977B2C07AFED00F535DC /* MainView.swift */,
				EAA74DC62C07B5CB00B6A8B7 /* AviaView.swift */,
				EAA74DD22C0CBAFE00B6A8B7 /* SearchingCardView.swift */,
				EAA74DC82C07B5EA00B6A8B7 /* HotelsView.swift */,
				EAA74DCC2C07B63900B6A8B7 /* ShortlyView.swift */,
				EAA74DCE2C07B64400B6A8B7 /* SubscriptionsView.swift */,
				EAA74DD02C07B66100B6A8B7 /* ProfileView.swift */,
			);
			path = View;
			sourceTree = "<group>";
		};
		EAA74DC02C07B17C00B6A8B7 /* Helpers */ = {
			isa = PBXGroup;
			children = (
				EAF4977D2C07B00200F535DC /* Assets.xcassets */,
				EAA74DC22C07B45100B6A8B7 /* ColorExtention.swift */,
			);
			path = Helpers;
			sourceTree = "<group>";
		};
		EAA74DC12C07B41900B6A8B7 /* Coordinator */ = {
			isa = PBXGroup;
			children = (
				EAA74DC42C07B4C100B6A8B7 /* MainCoordinator.swift */,
			);
			path = Coordinator;
			sourceTree = "<group>";
		};
		EAA74DDA2C0D005A00B6A8B7 /* Network */ = {
			isa = PBXGroup;
			children = (
				EAA74DD82C0D000800B6A8B7 /* TicketsJSON.swift */,
				EAA74DD42C0CFE4900B6A8B7 /* OffersJSON.swift */,
				EAA74DD62C0CFF2900B6A8B7 /* OffersTicketsJSON.swift */,
				EAA74DDB2C0D011E00B6A8B7 /* NetworkManager.swift */,
			);
			path = Network;
			sourceTree = "<group>";
		};
		EAF4976D2C07AFED00F535DC = {
			isa = PBXGroup;
			children = (
				EAF497782C07AFED00F535DC /* AviaTickets */,
				EAF497772C07AFED00F535DC /* Products */,
			);
			sourceTree = "<group>";
		};
		EAF497772C07AFED00F535DC /* Products */ = {
			isa = PBXGroup;
			children = (
				EAF497762C07AFED00F535DC /* AviaTickets.app */,
			);
			name = Products;
			sourceTree = "<group>";
		};
		EAF497782C07AFED00F535DC /* AviaTickets */ = {
			isa = PBXGroup;
			children = (
				EAF497792C07AFED00F535DC /* AviaTicketsApp.swift */,
				EAF497872C07B04600F535DC /* Model */,
				EAA74DBF2C07B13900B6A8B7 /* View */,
				EAF497892C07B06A00F535DC /* ViewModel */,
				EAA74DC12C07B41900B6A8B7 /* Coordinator */,
				EAA74DDA2C0D005A00B6A8B7 /* Network */,
				EAA74DC02C07B17C00B6A8B7 /* Helpers */,
				EAF4977F2C07B00200F535DC /* Preview Content */,
			);
			path = AviaTickets;
			sourceTree = "<group>";
		};
		EAF4977F2C07B00200F535DC /* Preview Content */ = {
			isa = PBXGroup;
			children = (
				EAF497802C07B00200F535DC /* Preview Assets.xcassets */,
			);
			path = "Preview Content";
			sourceTree = "<group>";
		};
		EAF497872C07B04600F535DC /* Model */ = {
			isa = PBXGroup;
			children = (
				EAA74DDD2C0D082600B6A8B7 /* TicketsModel.swift */,
				EAA74DDF2C0D083C00B6A8B7 /* OffersModel.swift */,
				EAA74DE12C0D086100B6A8B7 /* OffersTicketsModel.swift */,
			);
			path = Model;
			sourceTree = "<group>";
		};
		EAF497892C07B06A00F535DC /* ViewModel */ = {
			isa = PBXGroup;
			children = (
			);
			name = ViewModel;
			sourceTree = "<group>";
		};
/* End PBXGroup section */

/* Begin PBXNativeTarget section */
		EAF497752C07AFED00F535DC /* AviaTickets */ = {
			isa = PBXNativeTarget;
			buildConfigurationList = EAF497842C07B00200F535DC /* Build configuration list for PBXNativeTarget "AviaTickets" */;
			buildPhases = (
				EAF497722C07AFED00F535DC /* Sources */,
				EAF497732C07AFED00F535DC /* Frameworks */,
				EAF497742C07AFED00F535DC /* Resources */,
			);
			buildRules = (
			);
			dependencies = (
			);
			name = AviaTickets;
			productName = AviaTickets;
			productReference = EAF497762C07AFED00F535DC /* AviaTickets.app */;
			productType = "com.apple.product-type.application";
		};
/* End PBXNativeTarget section */

/* Begin PBXProject section */
		EAF4976E2C07AFED00F535DC /* Project object */ = {
			isa = PBXProject;
			attributes = {
				BuildIndependentTargetsInParallel = 1;
				LastSwiftUpdateCheck = 1530;
				LastUpgradeCheck = 1530;
				TargetAttributes = {
					EAF497752C07AFED00F535DC = {
						CreatedOnToolsVersion = 15.3;
					};
				};
			};
			buildConfigurationList = EAF497712C07AFED00F535DC /* Build configuration list for PBXProject "AviaTickets" */;
			compatibilityVersion = "Xcode 14.0";
			developmentRegion = en;
			hasScannedForEncodings = 0;
			knownRegions = (
				en,
				Base,
			);
			mainGroup = EAF4976D2C07AFED00F535DC;
			productRefGroup = EAF497772C07AFED00F535DC /* Products */;
			projectDirPath = "";
			projectRoot = "";
			targets = (
				EAF497752C07AFED00F535DC /* AviaTickets */,
			);
		};
/* End PBXProject section */

/* Begin PBXResourcesBuildPhase section */
		EAF497742C07AFED00F535DC /* Resources */ = {
			isa = PBXResourcesBuildPhase;
			buildActionMask = 2147483647;
			files = (
				EAF497812C07B00200F535DC /* Preview Assets.xcassets in Resources */,
				EAF4977E2C07B00200F535DC /* Assets.xcassets in Resources */,
			);
			runOnlyForDeploymentPostprocessing = 0;
		};
/* End PBXResourcesBuildPhase section */

/* Begin PBXSourcesBuildPhase section */
		EAF497722C07AFED00F535DC /* Sources */ = {
			isa = PBXSourcesBuildPhase;
			buildActionMask = 2147483647;
			files = (
				EAA74DD52C0CFE4900B6A8B7 /* OffersJSON.swift in Sources */,
				EAA74DC72C07B5CB00B6A8B7 /* AviaView.swift in Sources */,
				EAA74DE02C0D083C00B6A8B7 /* OffersModel.swift in Sources */,
				EAA74DD32C0CBAFE00B6A8B7 /* SearchingCardView.swift in Sources */,
				EAA74DDE2C0D082600B6A8B7 /* TicketsModel.swift in Sources */,
				EAA74DE22C0D086100B6A8B7 /* OffersTicketsModel.swift in Sources */,
				EAA74DC32C07B45100B6A8B7 /* ColorExtention.swift in Sources */,
				EAA74DD12C07B66100B6A8B7 /* ProfileView.swift in Sources */,
				EAA74DC52C07B4C100B6A8B7 /* MainCoordinator.swift in Sources */,
				EAA74DD92C0D000800B6A8B7 /* TicketsJSON.swift in Sources */,
				EAA74DCD2C07B63900B6A8B7 /* ShortlyView.swift in Sources */,
				EAF4977C2C07AFED00F535DC /* MainView.swift in Sources */,
				EAA74DD72C0CFF2900B6A8B7 /* OffersTicketsJSON.swift in Sources */,
				EAA74DDC2C0D011E00B6A8B7 /* NetworkManager.swift in Sources */,
				EAA74DCF2C07B64400B6A8B7 /* SubscriptionsView.swift in Sources */,
				EAF4977A2C07AFED00F535DC /* AviaTicketsApp.swift in Sources */,
				EAA74DC92C07B5EA00B6A8B7 /* HotelsView.swift in Sources */,
			);
			runOnlyForDeploymentPostprocessing = 0;
		};
/* End PBXSourcesBuildPhase section */

/* Begin XCBuildConfiguration section */
		EAF497822C07B00200F535DC /* Debug */ = {
			isa = XCBuildConfiguration;
			buildSettings = {
				ALWAYS_SEARCH_USER_PATHS = NO;
				ASSETCATALOG_COMPILER_GENERATE_SWIFT_ASSET_SYMBOL_EXTENSIONS = YES;
				CLANG_ANALYZER_NONNULL = YES;
				CLANG_ANALYZER_NUMBER_OBJECT_CONVERSION = YES_AGGRESSIVE;
				CLANG_CXX_LANGUAGE_STANDARD = "gnu++20";
				CLANG_ENABLE_MODULES = YES;
				CLANG_ENABLE_OBJC_ARC = YES;
				CLANG_ENABLE_OBJC_WEAK = YES;
				CLANG_WARN_BLOCK_CAPTURE_AUTORELEASING = YES;
				CLANG_WARN_BOOL_CONVERSION = YES;
				CLANG_WARN_COMMA = YES;
				CLANG_WARN_CONSTANT_CONVERSION = YES;
				CLANG_WARN_DEPRECATED_OBJC_IMPLEMENTATIONS = YES;
				CLANG_WARN_DIRECT_OBJC_ISA_USAGE = YES_ERROR;
				CLANG_WARN_DOCUMENTATION_COMMENTS = YES;
				CLANG_WARN_EMPTY_BODY = YES;
				CLANG_WARN_ENUM_CONVERSION = YES;
				CLANG_WARN_INFINITE_RECURSION = YES;
				CLANG_WARN_INT_CONVERSION = YES;
				CLANG_WARN_NON_LITERAL_NULL_CONVERSION = YES;
				CLANG_WARN_OBJC_IMPLICIT_RETAIN_SELF = YES;
				CLANG_WARN_OBJC_LITERAL_CONVERSION = YES;
				CLANG_WARN_OBJC_ROOT_CLASS = YES_ERROR;
				CLANG_WARN_QUOTED_INCLUDE_IN_FRAMEWORK_HEADER = YES;
				CLANG_WARN_RANGE_LOOP_ANALYSIS = YES;
				CLANG_WARN_STRICT_PROTOTYPES = YES;
				CLANG_WARN_SUSPICIOUS_MOVE = YES;
				CLANG_WARN_UNGUARDED_AVAILABILITY = YES_AGGRESSIVE;
				CLANG_WARN_UNREACHABLE_CODE = YES;
				CLANG_WARN__DUPLICATE_METHOD_MATCH = YES;
				COPY_PHASE_STRIP = NO;
				DEBUG_INFORMATION_FORMAT = dwarf;
				ENABLE_STRICT_OBJC_MSGSEND = YES;
				ENABLE_TESTABILITY = YES;
				ENABLE_USER_SCRIPT_SANDBOXING = YES;
				GCC_C_LANGUAGE_STANDARD = gnu17;
				GCC_DYNAMIC_NO_PIC = NO;
				GCC_NO_COMMON_BLOCKS = YES;
				GCC_OPTIMIZATION_LEVEL = 0;
				GCC_PREPROCESSOR_DEFINITIONS = (
					"DEBUG=1",
					"$(inherited)",
				);
				GCC_WARN_64_TO_32_BIT_CONVERSION = YES;
				GCC_WARN_ABOUT_RETURN_TYPE = YES_ERROR;
				GCC_WARN_UNDECLARED_SELECTOR = YES;
				GCC_WARN_UNINITIALIZED_AUTOS = YES_AGGRESSIVE;
				GCC_WARN_UNUSED_FUNCTION = YES;
				GCC_WARN_UNUSED_VARIABLE = YES;
				IPHONEOS_DEPLOYMENT_TARGET = 17.4;
				LOCALIZATION_PREFERS_STRING_CATALOGS = YES;
				MTL_ENABLE_DEBUG_INFO = INCLUDE_SOURCE;
				MTL_FAST_MATH = YES;
				ONLY_ACTIVE_ARCH = YES;
				SDKROOT = iphoneos;
				SWIFT_ACTIVE_COMPILATION_CONDITIONS = "DEBUG $(inherited)";
				SWIFT_OPTIMIZATION_LEVEL = "-Onone";
			};
			name = Debug;
		};
		EAF497832C07B00200F535DC /* Release */ = {
			isa = XCBuildConfiguration;
			buildSettings = {
				ALWAYS_SEARCH_USER_PATHS = NO;
				ASSETCATALOG_COMPILER_GENERATE_SWIFT_ASSET_SYMBOL_EXTENSIONS = YES;
				CLANG_ANALYZER_NONNULL = YES;
				CLANG_ANALYZER_NUMBER_OBJECT_CONVERSION = YES_AGGRESSIVE;
				CLANG_CXX_LANGUAGE_STANDARD = "gnu++20";
				CLANG_ENABLE_MODULES = YES;
				CLANG_ENABLE_OBJC_ARC = YES;
				CLANG_ENABLE_OBJC_WEAK = YES;
				CLANG_WARN_BLOCK_CAPTURE_AUTORELEASING = YES;
				CLANG_WARN_BOOL_CONVERSION = YES;
				CLANG_WARN_COMMA = YES;
				CLANG_WARN_CONSTANT_CONVERSION = YES;
				CLANG_WARN_DEPRECATED_OBJC_IMPLEMENTATIONS = YES;
				CLANG_WARN_DIRECT_OBJC_ISA_USAGE = YES_ERROR;
				CLANG_WARN_DOCUMENTATION_COMMENTS = YES;
				CLANG_WARN_EMPTY_BODY = YES;
				CLANG_WARN_ENUM_CONVERSION = YES;
				CLANG_WARN_INFINITE_RECURSION = YES;
				CLANG_WARN_INT_CONVERSION = YES;
				CLANG_WARN_NON_LITERAL_NULL_CONVERSION = YES;
				CLANG_WARN_OBJC_IMPLICIT_RETAIN_SELF = YES;
				CLANG_WARN_OBJC_LITERAL_CONVERSION = YES;
				CLANG_WARN_OBJC_ROOT_CLASS = YES_ERROR;
				CLANG_WARN_QUOTED_INCLUDE_IN_FRAMEWORK_HEADER = YES;
				CLANG_WARN_RANGE_LOOP_ANALYSIS = YES;
				CLANG_WARN_STRICT_PROTOTYPES = YES;
				CLANG_WARN_SUSPICIOUS_MOVE = YES;
				CLANG_WARN_UNGUARDED_AVAILABILITY = YES_AGGRESSIVE;
				CLANG_WARN_UNREACHABLE_CODE = YES;
				CLANG_WARN__DUPLICATE_METHOD_MATCH = YES;
				COPY_PHASE_STRIP = NO;
				DEBUG_INFORMATION_FORMAT = "dwarf-with-dsym";
				ENABLE_NS_ASSERTIONS = NO;
				ENABLE_STRICT_OBJC_MSGSEND = YES;
				ENABLE_USER_SCRIPT_SANDBOXING = YES;
				GCC_C_LANGUAGE_STANDARD = gnu17;
				GCC_NO_COMMON_BLOCKS = YES;
				GCC_WARN_64_TO_32_BIT_CONVERSION = YES;
				GCC_WARN_ABOUT_RETURN_TYPE = YES_ERROR;
				GCC_WARN_UNDECLARED_SELECTOR = YES;
				GCC_WARN_UNINITIALIZED_AUTOS = YES_AGGRESSIVE;
				GCC_WARN_UNUSED_FUNCTION = YES;
				GCC_WARN_UNUSED_VARIABLE = YES;
				IPHONEOS_DEPLOYMENT_TARGET = 17.4;
				LOCALIZATION_PREFERS_STRING_CATALOGS = YES;
				MTL_ENABLE_DEBUG_INFO = NO;
				MTL_FAST_MATH = YES;
				SDKROOT = iphoneos;
				SWIFT_COMPILATION_MODE = wholemodule;
				VALIDATE_PRODUCT = YES;
			};
			name = Release;
		};
		EAF497852C07B00200F535DC /* Debug */ = {
			isa = XCBuildConfiguration;
			buildSettings = {
				ASSETCATALOG_COMPILER_APPICON_NAME = AppIcon;
				ASSETCATALOG_COMPILER_GLOBAL_ACCENT_COLOR_NAME = AccentColor;
				CODE_SIGN_STYLE = Automatic;
				CURRENT_PROJECT_VERSION = 1;
				DEVELOPMENT_ASSET_PATHS = "\"AviaTickets/Preview Content\"";
				DEVELOPMENT_TEAM = RWP28CYWVZ;
				ENABLE_PREVIEWS = YES;
				GENERATE_INFOPLIST_FILE = YES;
				INFOPLIST_KEY_UIApplicationSceneManifest_Generation = YES;
				INFOPLIST_KEY_UIApplicationSupportsIndirectInputEvents = YES;
				INFOPLIST_KEY_UILaunchScreen_Generation = YES;
				INFOPLIST_KEY_UISupportedInterfaceOrientations_iPad = "UIInterfaceOrientationPortrait UIInterfaceOrientationPortraitUpsideDown UIInterfaceOrientationLandscapeLeft UIInterfaceOrientationLandscapeRight";
				INFOPLIST_KEY_UISupportedInterfaceOrientations_iPhone = "UIInterfaceOrientationPortrait UIInterfaceOrientationLandscapeLeft UIInterfaceOrientationLandscapeRight";
				LD_RUNPATH_SEARCH_PATHS = (
					"$(inherited)",
					"@executable_path/Frameworks",
				);
				MARKETING_VERSION = 1.0;
				PRODUCT_BUNDLE_IDENTIFIER = aswitch.me.AviaTickets;
				PRODUCT_NAME = "$(TARGET_NAME)";
				SWIFT_EMIT_LOC_STRINGS = YES;
				SWIFT_VERSION = 5.0;
				TARGETED_DEVICE_FAMILY = "1,2";
			};
			name = Debug;
		};
		EAF497862C07B00200F535DC /* Release */ = {
			isa = XCBuildConfiguration;
			buildSettings = {
				ASSETCATALOG_COMPILER_APPICON_NAME = AppIcon;
				ASSETCATALOG_COMPILER_GLOBAL_ACCENT_COLOR_NAME = AccentColor;
				CODE_SIGN_STYLE = Automatic;
				CURRENT_PROJECT_VERSION = 1;
				DEVELOPMENT_ASSET_PATHS = "\"AviaTickets/Preview Content\"";
				DEVELOPMENT_TEAM = RWP28CYWVZ;
				ENABLE_PREVIEWS = YES;
				GENERATE_INFOPLIST_FILE = YES;
				INFOPLIST_KEY_UIApplicationSceneManifest_Generation = YES;
				INFOPLIST_KEY_UIApplicationSupportsIndirectInputEvents = YES;
				INFOPLIST_KEY_UILaunchScreen_Generation = YES;
				INFOPLIST_KEY_UISupportedInterfaceOrientations_iPad = "UIInterfaceOrientationPortrait UIInterfaceOrientationPortraitUpsideDown UIInterfaceOrientationLandscapeLeft UIInterfaceOrientationLandscapeRight";
				INFOPLIST_KEY_UISupportedInterfaceOrientations_iPhone = "UIInterfaceOrientationPortrait UIInterfaceOrientationLandscapeLeft UIInterfaceOrientationLandscapeRight";
				LD_RUNPATH_SEARCH_PATHS = (
					"$(inherited)",
					"@executable_path/Frameworks",
				);
				MARKETING_VERSION = 1.0;
				PRODUCT_BUNDLE_IDENTIFIER = aswitch.me.AviaTickets;
				PRODUCT_NAME = "$(TARGET_NAME)";
				SWIFT_EMIT_LOC_STRINGS = YES;
				SWIFT_VERSION = 5.0;
				TARGETED_DEVICE_FAMILY = "1,2";
			};
			name = Release;
		};
/* End XCBuildConfiguration section */

/* Begin XCConfigurationList section */
		EAF497712C07AFED00F535DC /* Build configuration list for PBXProject "AviaTickets" */ = {
			isa = XCConfigurationList;
			buildConfigurations = (
				EAF497822C07B00200F535DC /* Debug */,
				EAF497832C07B00200F535DC /* Release */,
			);
			defaultConfigurationIsVisible = 0;
			defaultConfigurationName = Release;
		};
		EAF497842C07B00200F535DC /* Build configuration list for PBXNativeTarget "AviaTickets" */ = {
			isa = XCConfigurationList;
			buildConfigurations = (
				EAF497852C07B00200F535DC /* Debug */,
				EAF497862C07B00200F535DC /* Release */,
			);
			defaultConfigurationIsVisible = 0;
			defaultConfigurationName = Release;
		};
/* End XCConfigurationList section */
	};
	rootObject = EAF4976E2C07AFED00F535DC /* Project object */;
}
